<Solution>
  <Folder Name="/src/">
    <Project Path="src/cli/cli.csproj" />
  </Folder>
  <Folder Name="/api/">
    <Project Path="src/api/api.csproj" />
  </Folder>
  <Folder Name="/shared/">
    <Project Path="src/shared/shared.csproj" />
  </Folder>
  <Folder Name="/test/">
    <Project Path="test/dj.test.csproj" />
  </Folder>
  <Folder Name="/benchmark-cli/">
    <Project Path="test/benchmark-cli/benchmark-cli.csproj" />
  </Folder>
</Solution>
